
Microsoft Visual Studio Solution File, Format Version 12.00
# Visual Studio 14
VisualStudioVersion = 14.0.25420.1
MinimumVisualStudioVersion = 10.0.40219.1
Project("{FAE04EC0-301F-11D3-BF4B-00C04F79EFBC}") = "BankOfMakeBelieve", "BankOfMakeBelieve\BankOfMakeBelieve.csproj", "{56CA4BD3-E513-45DF-A752-B28D752BFCD8}"
EndProject
Project("{FAE04EC0-301F-11D3-BF4B-00C04F79EFBC}") = "BankOfMakeBelieve.Test", "BankOfMakeBelieve.Test\BankOfMakeBelieve.Test.csproj", "{80F2FB10-4553-40E0-AB4F-C90C11A8084F}"
EndProject
Global
	GlobalSection(SolutionConfigurationPlatforms) = preSolution
		Debug|Any CPU = Debug|Any CPU
		Release|Any CPU = Release|Any CPU
	EndGlobalSection
	GlobalSection(ProjectConfigurationPlatforms) = postSolution
		{56CA4BD3-E513-45DF-A752-B28D752BFCD8}.Debug|Any CPU.ActiveCfg = Debug|Any CPU
		{56CA4BD3-E513-45DF-A752-B28D752BFCD8}.Debug|Any CPU.Build.0 = Debug|Any CPU
		{56CA4BD3-E513-45DF-A752-B28D752BFCD8}.Release|Any CPU.ActiveCfg = Release|Any CPU
		{56CA4BD3-E513-45DF-A752-B28D752BFCD8}.Release|Any CPU.Build.0 = Release|Any CPU
		{80F2FB10-4553-40E0-AB4F-C90C11A8084F}.Debug|Any CPU.ActiveCfg = Debug|Any CPU
		{80F2FB10-4553-40E0-AB4F-C90C11A8084F}.Debug|Any CPU.Build.0 = Debug|Any CPU
		{80F2FB10-4553-40E0-AB4F-C90C11A8084F}.Release|Any CPU.ActiveCfg = Release|Any CPU
		{80F2FB10-4553-40E0-AB4F-C90C11A8084F}.Release|Any CPU.Build.0 = Release|Any CPU
	EndGlobalSection
	GlobalSection(SolutionProperties) = preSolution
		HideSolutionNode = FALSE
	EndGlobalSection
EndGlobal
